{
  "name": "eslint-config-settle",
  "version": "1.1.0",
  "lockfileVersion": 1,
  "devDependencies": {
    "eslint-config-airbnb": "^17.1.1",
    "eslint-config-airbnb-base": "^13.2.0",
    "eslint-config-prettier": "^6.0.0"
  },
  "peerDependencies": {
    "eslint-config-airbnb": "^17.1.1",
    "eslint-config-airbnb-base": "^13.2.0",
    "eslint-config-prettier": "^6.0.0"
  }
}
